// !$*UTF8*$!
{
	archiveVersion = 1;
	classes = {
	};
	objectVersion = 46;
	objects = {

/* Begin PBXBuildFile section */
		9439A6251F311A9B002F69D1 /* AppDelegate.swift in Sources */ = {isa = PBXBuildFile; fileRef = 9439A6241F311A9B002F69D1 /* AppDelegate.swift */; };
		9439A6271F311A9B002F69D1 /* ViewController.swift in Sources */ = {isa = PBXBuildFile; fileRef = 9439A6261F311A9B002F69D1 /* ViewController.swift */; };
		9439A62A1F311A9B002F69D1 /* Main.storyboard in Resources */ = {isa = PBXBuildFile; fileRef = 9439A6281F311A9B002F69D1 /* Main.storyboard */; };
		9439A62C1F311A9B002F69D1 /* Assets.xcassets in Resources */ = {isa = PBXBuildFile; fileRef = 9439A62B1F311A9B002F69D1 /* Assets.xcassets */; };
		9439A62F1F311A9B002F69D1 /* LaunchScreen.storyboard in Resources */ = {isa = PBXBuildFile; fileRef = 9439A62D1F311A9B002F69D1 /* LaunchScreen.storyboard */; };
		9439A63A1F311A9B002F69D1 /* FlashcardsTests.swift in Sources */ = {isa = PBXBuildFile; fileRef = 9439A6391F311A9B002F69D1 /* FlashcardsTests.swift */; };
/* End PBXBuildFile section */

/* Begin PBXContainerItemProxy section */
		9439A6361F311A9B002F69D1 /* PBXContainerItemProxy */ = {
			isa = PBXContainerItemProxy;
			containerPortal = 9439A6191F311A9A002F69D1 /* Project object */;
			proxyType = 1;
			remoteGlobalIDString = 9439A6201F311A9A002F69D1;
			remoteInfo = Flashcards;
		};
/* End PBXContainerItemProxy section */

/* Begin PBXFileReference section */
		9439A6211F311A9A002F69D1 /* Flashcards.app */ = {isa = PBXFileReference; explicitFileType = wrapper.application; includeInIndex = 0; path = Flashcards.app; sourceTree = BUILT_PRODUCTS_DIR; };
		9439A6241F311A9B002F69D1 /* AppDelegate.swift */ = {isa = PBXFileReference; lastKnownFileType = sourcecode.swift; path = AppDelegate.swift; sourceTree = "<group>"; };
		9439A6261F311A9B002F69D1 /* ViewController.swift */ = {isa = PBXFileReference; lastKnownFileType = sourcecode.swift; path = ViewController.swift; sourceTree = "<group>"; };
		9439A6291F311A9B002F69D1 /* Base */ = {isa = PBXFileReference; lastKnownFileType = file.storyboard; name = Base; path = Base.lproj/Main.storyboard; sourceTree = "<group>"; };
		9439A62B1F311A9B002F69D1 /* Assets.xcassets */ = {isa = PBXFileReference; lastKnownFileType = folder.assetcatalog; path = Assets.xcassets; sourceTree = "<group>"; };
		9439A62E1F311A9B002F69D1 /* Base */ = {isa = PBXFileReference; lastKnownFileType = file.storyboard; name = Base; path = Base.lproj/LaunchScreen.storyboard; sourceTree = "<group>"; };
		9439A6301F311A9B002F69D1 /* Info.plist */ = {isa = PBXFileReference; lastKnownFileType = text.plist.xml; path = Info.plist; sourceTree = "<group>"; };
		9439A6351F311A9B002F69D1 /* FlashcardsTests.xctest */ = {isa = PBXFileReference; explicitFileType = wrapper.cfbundle; includeInIndex = 0; path = FlashcardsTests.xctest; sourceTree = BUILT_PRODUCTS_DIR; };
		9439A6391F311A9B002F69D1 /* FlashcardsTests.swift */ = {isa = PBXFileReference; lastKnownFileType = sourcecode.swift; path = FlashcardsTests.swift; sourceTree = "<group>"; };
		9439A63B1F311A9B002F69D1 /* Info.plist */ = {isa = PBXFileReference; lastKnownFileType = text.plist.xml; path = Info.plist; sourceTree = "<group>"; };
/* End PBXFileReference section */

/* Begin PBXFrameworksBuildPhase section */
		9439A61E1F311A9A002F69D1 /* Frameworks */ = {
			isa = PBXFrameworksBuildPhase;
			buildActionMask = 2147483647;
			files = (
			);
			runOnlyForDeploymentPostprocessing = 0;
		};
		9439A6321F311A9B002F69D1 /* Frameworks */ = {
			isa = PBXFrameworksBuildPhase;
			buildActionMask = 2147483647;
			files = (
			);
			runOnlyForDeploymentPostprocessing = 0;
		};
/* End PBXFrameworksBuildPhase section */

/* Begin PBXGroup section */
		9439A6181F311A9A002F69D1 = {
			isa = PBXGroup;
			children = (
				9439A6231F311A9A002F69D1 /* Flashcards */,
				9439A6381F311A9B002F69D1 /* FlashcardsTests */,
				9439A6221F311A9A002F69D1 /* Products */,
			);
			sourceTree = "<group>";
		};
		9439A6221F311A9A002F69D1 /* Products */ = {
			isa = PBXGroup;
			children = (
				9439A6211F311A9A002F69D1 /* Flashcards.app */,
				9439A6351F311A9B002F69D1 /* FlashcardsTests.xctest */,
			);
			name = Products;
			sourceTree = "<group>";
		};
		9439A6231F311A9A002F69D1 /* Flashcards */ = {
			isa = PBXGroup;
			children = (
				9439A6241F311A9B002F69D1 /* AppDelegate.swift */,
				9439A6261F311A9B002F69D1 /* ViewController.swift */,
				9439A6281F311A9B002F69D1 /* Main.storyboard */,
				9439A62B1F311A9B002F69D1 /* Assets.xcassets */,
				9439A62D1F311A9B002F69D1 /* LaunchScreen.storyboard */,
				9439A6301F311A9B002F69D1 /* Info.plist */,
			);
			path = Flashcards;
			sourceTree = "<group>";
		};
		9439A6381F311A9B002F69D1 /* FlashcardsTests */ = {
			isa = PBXGroup;
			children = (
				9439A6391F311A9B002F69D1 /* FlashcardsTests.swift */,
				9439A63B1F311A9B002F69D1 /* Info.plist */,
			);
			path = FlashcardsTests;
			sourceTree = "<group>";
		};
/* End PBXGroup section */

/* Begin PBXNativeTarget section */
		9439A6201F311A9A002F69D1 /* Flashcards */ = {
			isa = PBXNativeTarget;
			buildConfigurationList = 9439A63E1F311A9B002F69D1 /* Build configuration list for PBXNativeTarget "Flashcards" */;
			buildPhases = (
				9439A61D1F311A9A002F69D1 /* Sources */,
				9439A61E1F311A9A002F69D1 /* Frameworks */,
				9439A61F1F311A9A002F69D1 /* Resources */,
			);
			buildRules = (
			);
			dependencies = (
			);
			name = Flashcards;
			productName = Flashcards;
			productReference = 9439A6211F311A9A002F69D1 /* Flashcards.app */;
			productType = "com.apple.product-type.application";
		};
		9439A6341F311A9B002F69D1 /* FlashcardsTests */ = {
			isa = PBXNativeTarget;
			buildConfigurationList = 9439A6411F311A9B002F69D1 /* Build configuration list for PBXNativeTarget "FlashcardsTests" */;
			buildPhases = (
				9439A6311F311A9B002F69D1 /* Sources */,
				9439A6321F311A9B002F69D1 /* Frameworks */,
				9439A6331F311A9B002F69D1 /* Resources */,
			);
			buildRules = (
			);
			dependencies = (
				9439A6371F311A9B002F69D1 /* PBXTargetDependency */,
			);
			name = FlashcardsTests;
			productName = FlashcardsTests;
			productReference = 9439A6351F311A9B002F69D1 /* FlashcardsTests.xctest */;
			productType = "com.apple.product-type.bundle.unit-test";
		};
/* End PBXNativeTarget section */

/* Begin PBXProject section */
		9439A6191F311A9A002F69D1 /* Project object */ = {
			isa = PBXProject;
			attributes = {
				LastSwiftUpdateCheck = 0830;
				LastUpgradeCheck = 0830;
				ORGANIZATIONNAME = "Aidan DeLellis";
				TargetAttributes = {
					9439A6201F311A9A002F69D1 = {
						CreatedOnToolsVersion = 8.3.1;
						ProvisioningStyle = Automatic;
					};
					9439A6341F311A9B002F69D1 = {
						CreatedOnToolsVersion = 8.3.1;
						ProvisioningStyle = Automatic;
						TestTargetID = 9439A6201F311A9A002F69D1;
					};
				};
			};
			buildConfigurationList = 9439A61C1F311A9A002F69D1 /* Build configuration list for PBXProject "Flashcards" */;
			compatibilityVersion = "Xcode 3.2";
			developmentRegion = English;
			hasScannedForEncodings = 0;
			knownRegions = (
				en,
				Base,
			);
			mainGroup = 9439A6181F311A9A002F69D1;
			productRefGroup = 9439A6221F311A9A002F69D1 /* Products */;
			projectDirPath = "";
			projectRoot = "";
			targets = (
				9439A6201F311A9A002F69D1 /* Flashcards */,
				9439A6341F311A9B002F69D1 /* FlashcardsTests */,
			);
		};
/* End PBXProject section */

/* Begin PBXResourcesBuildPhase section */
		9439A61F1F311A9A002F69D1 /* Resources */ = {
			isa = PBXResourcesBuildPhase;
			buildActionMask = 2147483647;
			files = (
				9439A62F1F311A9B002F69D1 /* LaunchScreen.storyboard in Resources */,
				9439A62C1F311A9B002F69D1 /* Assets.xcassets in Resources */,
				9439A62A1F311A9B002F69D1 /* Main.storyboard in Resources */,
			);
			runOnlyForDeploymentPostprocessing = 0;
		};
		9439A6331F311A9B002F69D1 /* Resources */ = {
			isa = PBXResourcesBuildPhase;
			buildActionMask = 2147483647;
			files = (
			);
			runOnlyForDeploymentPostprocessing = 0;
		};
/* End PBXResourcesBuildPhase section */

/* Begin PBXSourcesBuildPhase section */
		9439A61D1F311A9A002F69D1 /* Sources */ = {
			isa = PBXSourcesBuildPhase;
			buildActionMask = 2147483647;
			files = (
				9439A6271F311A9B002F69D1 /* ViewController.swift in Sources */,
				9439A6251F311A9B002F69D1 /* AppDelegate.swift in Sources */,
			);
			runOnlyForDeploymentPostprocessing = 0;
		};
		9439A6311F311A9B002F69D1 /* Sources */ = {
			isa = PBXSourcesBuildPhase;
			buildActionMask = 2147483647;
			files = (
				9439A63A1F311A9B002F69D1 /* FlashcardsTests.swift in Sources */,
			);
			runOnlyForDeploymentPostprocessing = 0;
		};
/* End PBXSourcesBuildPhase section */

/* Begin PBXTargetDependency section */
		9439A6371F311A9B002F69D1 /* PBXTargetDependency */ = {
			isa = PBXTargetDependency;
			target = 9439A6201F311A9A002F69D1 /* Flashcards */;
			targetProxy = 9439A6361F311A9B002F69D1 /* PBXContainerItemProxy */;
		};
/* End PBXTargetDependency section */

/* Begin PBXVariantGroup section */
		9439A6281F311A9B002F69D1 /* Main.storyboard */ = {
			isa = PBXVariantGroup;
			children = (
				9439A6291F311A9B002F69D1 /* Base */,
			);
			name = Main.storyboard;
			sourceTree = "<group>";
		};
		9439A62D1F311A9B002F69D1 /* LaunchScreen.storyboard */ = {
			isa = PBXVariantGroup;
			children = (
				9439A62E1F311A9B002F69D1 /* Base */,
			);
			name = LaunchScreen.storyboard;
			sourceTree = "<group>";
		};
/* End PBXVariantGroup section */

/* Begin XCBuildConfiguration section */
		9439A63C1F311A9B002F69D1 /* Debug */ = {
			isa = XCBuildConfiguration;
			buildSettings = {
				ALWAYS_SEARCH_USER_PATHS = NO;
				CLANG_ANALYZER_NONNULL = YES;
				CLANG_ANALYZER_NUMBER_OBJECT_CONVERSION = YES_AGGRESSIVE;
				CLANG_CXX_LANGUAGE_STANDARD = "gnu++0x";
				CLANG_CXX_LIBRARY = "libc++";
				CLANG_ENABLE_MODULES = YES;
				CLANG_ENABLE_OBJC_ARC = YES;
				CLANG_WARN_BOOL_CONVERSION = YES;
				CLANG_WARN_CONSTANT_CONVERSION = YES;
				CLANG_WARN_DIRECT_OBJC_ISA_USAGE = YES_ERROR;
				CLANG_WARN_DOCUMENTATION_COMMENTS = YES;
				CLANG_WARN_EMPTY_BODY = YES;
				CLANG_WARN_ENUM_CONVERSION = YES;
				CLANG_WARN_INFINITE_RECURSION = YES;
				CLANG_WARN_INT_CONVERSION = YES;
				CLANG_WARN_OBJC_ROOT_CLASS = YES_ERROR;
				CLANG_WARN_SUSPICIOUS_MOVE = YES;
				CLANG_WARN_UNREACHABLE_CODE = YES;
				CLANG_WARN__DUPLICATE_METHOD_MATCH = YES;
				"CODE_SIGN_IDENTITY[sdk=iphoneos*]" = "iPhone Developer";
				COPY_PHASE_STRIP = NO;
				DEBUG_INFORMATION_FORMAT = dwarf;
				ENABLE_STRICT_OBJC_MSGSEND = YES;
				ENABLE_TESTABILITY = YES;
				GCC_C_LANGUAGE_STANDARD = gnu99;
				GCC_DYNAMIC_NO_PIC = NO;
				GCC_NO_COMMON_BLOCKS = YES;
				GCC_OPTIMIZATION_LEVEL = 0;
				GCC_PREPROCESSOR_DEFINITIONS = (
					"DEBUG=1",
					"$(inherited)",
				);
				GCC_WARN_64_TO_32_BIT_CONVERSION = YES;
				GCC_WARN_ABOUT_RETURN_TYPE = YES_ERROR;
				GCC_WARN_UNDECLARED_SELECTOR = YES;
				GCC_WARN_UNINITIALIZED_AUTOS = YES_AGGRESSIVE;
				GCC_WARN_UNUSED_FUNCTION = YES;
				GCC_WARN_UNUSED_VARIABLE = YES;
				IPHONEOS_DEPLOYMENT_TARGET = 10.3;
				MTL_ENABLE_DEBUG_INFO = YES;
				ONLY_ACTIVE_ARCH = YES;
				SDKROOT = iphoneos;
				SWIFT_ACTIVE_COMPILATION_CONDITIONS = DEBUG;
				SWIFT_OPTIMIZATION_LEVEL = "-Onone";
				TARGETED_DEVICE_FAMILY = "1,2";
			};
			name = Debug;
		};
		9439A63D1F311A9B002F69D1 /* Release */ = {
			isa = XCBuildConfiguration;
			buildSettings = {
				ALWAYS_SEARCH_USER_PATHS = NO;
				CLANG_ANALYZER_NONNULL = YES;
				CLANG_ANALYZER_NUMBER_OBJECT_CONVERSION = YES_AGGRESSIVE;
				CLANG_CXX_LANGUAGE_STANDARD = "gnu++0x";
				CLANG_CXX_LIBRARY = "libc++";
				CLANG_ENABLE_MODULES = YES;
				CLANG_ENABLE_OBJC_ARC = YES;
				CLANG_WARN_BOOL_CONVERSION = YES;
				CLANG_WARN_CONSTANT_CONVERSION = YES;
				CLANG_WARN_DIRECT_OBJC_ISA_USAGE = YES_ERROR;
				CLANG_WARN_DOCUMENTATION_COMMENTS = YES;
				CLANG_WARN_EMPTY_BODY = YES;
				CLANG_WARN_ENUM_CONVERSION = YES;
				CLANG_WARN_INFINITE_RECURSION = YES;
				CLANG_WARN_INT_CONVERSION = YES;
				CLANG_WARN_OBJC_ROOT_CLASS = YES_ERROR;
				CLANG_WARN_SUSPICIOUS_MOVE = YES;
				CLANG_WARN_UNREACHABLE_CODE = YES;
				CLANG_WARN__DUPLICATE_METHOD_MATCH = YES;
				"CODE_SIGN_IDENTITY[sdk=iphoneos*]" = "iPhone Developer";
				COPY_PHASE_STRIP = NO;
				DEBUG_INFORMATION_FORMAT = "dwarf-with-dsym";
				ENABLE_NS_ASSERTIONS = NO;
				ENABLE_STRICT_OBJC_MSGSEND = YES;
				GCC_C_LANGUAGE_STANDARD = gnu99;
				GCC_NO_COMMON_BLOCKS = YES;
				GCC_WARN_64_TO_32_BIT_CONVERSION = YES;
				GCC_WARN_ABOUT_RETURN_TYPE = YES_ERROR;
				GCC_WARN_UNDECLARED_SELECTOR = YES;
				GCC_WARN_UNINITIALIZED_AUTOS = YES_AGGRESSIVE;
				GCC_WARN_UNUSED_FUNCTION = YES;
				GCC_WARN_UNUSED_VARIABLE = YES;
				IPHONEOS_DEPLOYMENT_TARGET = 10.3;
				MTL_ENABLE_DEBUG_INFO = NO;
				SDKROOT = iphoneos;
				SWIFT_OPTIMIZATION_LEVEL = "-Owholemodule";
				TARGETED_DEVICE_FAMILY = "1,2";
				VALIDATE_PRODUCT = YES;
			};
			name = Release;
		};
		9439A63F1F311A9B002F69D1 /* Debug */ = {
			isa = XCBuildConfiguration;
			buildSettings = {
				ASSETCATALOG_COMPILER_APPICON_NAME = AppIcon;
				INFOPLIST_FILE = Flashcards/Info.plist;
				LD_RUNPATH_SEARCH_PATHS = "$(inherited) @executable_path/Frameworks";
				PRODUCT_BUNDLE_IDENTIFIER = com.iDTech.aidan.Flashcards;
				PRODUCT_NAME = "$(TARGET_NAME)";
				SWIFT_VERSION = 3.0;
			};
			name = Debug;
		};
		9439A6401F311A9B002F69D1 /* Release */ = {
			isa = XCBuildConfiguration;
			buildSettings = {
				ASSETCATALOG_COMPILER_APPICON_NAME = AppIcon;
				INFOPLIST_FILE = Flashcards/Info.plist;
				LD_RUNPATH_SEARCH_PATHS = "$(inherited) @executable_path/Frameworks";
				PRODUCT_BUNDLE_IDENTIFIER = com.iDTech.aidan.Flashcards;
				PRODUCT_NAME = "$(TARGET_NAME)";
				SWIFT_VERSION = 3.0;
			};
			name = Release;
		};
		9439A6421F311A9B002F69D1 /* Debug */ = {
			isa = XCBuildConfiguration;
			buildSettings = {
				ALWAYS_EMBED_SWIFT_STANDARD_LIBRARIES = YES;
				BUNDLE_LOADER = "$(TEST_HOST)";
				INFOPLIST_FILE = FlashcardsTests/Info.plist;
				LD_RUNPATH_SEARCH_PATHS = "$(inherited) @executable_path/Frameworks @loader_path/Frameworks";
				PRODUCT_BUNDLE_IDENTIFIER = com.iDTech.aidan.FlashcardsTests;
				PRODUCT_NAME = "$(TARGET_NAME)";
				SWIFT_VERSION = 3.0;
				TEST_HOST = "$(BUILT_PRODUCTS_DIR)/Flashcards.app/Flashcards";
			};
			name = Debug;
		};
		9439A6431F311A9B002F69D1 /* Release */ = {
			isa = XCBuildConfiguration;
			buildSettings = {
				ALWAYS_EMBED_SWIFT_STANDARD_LIBRARIES = YES;
				BUNDLE_LOADER = "$(TEST_HOST)";
				INFOPLIST_FILE = FlashcardsTests/Info.plist;
				LD_RUNPATH_SEARCH_PATHS = "$(inherited) @executable_path/Frameworks @loader_path/Frameworks";
				PRODUCT_BUNDLE_IDENTIFIER = com.iDTech.aidan.FlashcardsTests;
				PRODUCT_NAME = "$(TARGET_NAME)";
				SWIFT_VERSION = 3.0;
				TEST_HOST = "$(BUILT_PRODUCTS_DIR)/Flashcards.app/Flashcards";
			};
			name = Release;
		};
/* End XCBuildConfiguration section */

/* Begin XCConfigurationList section */
		9439A61C1F311A9A002F69D1 /* Build configuration list for PBXProject "Flashcards" */ = {
			isa = XCConfigurationList;
			buildConfigurations = (
				9439A63C1F311A9B002F69D1 /* Debug */,
				9439A63D1F311A9B002F69D1 /* Release */,
			);
			defaultConfigurationIsVisible = 0;
			defaultConfigurationName = Release;
		};
		9439A63E1F311A9B002F69D1 /* Build configuration list for PBXNativeTarget "Flashcards" */ = {
			isa = XCConfigurationList;
			buildConfigurations = (
				9439A63F1F311A9B002F69D1 /* Debug */,
				9439A6401F311A9B002F69D1 /* Release */,
			);
			defaultConfigurationIsVisible = 0;
		};
		9439A6411F311A9B002F69D1 /* Build configuration list for PBXNativeTarget "FlashcardsTests" */ = {
			isa = XCConfigurationList;
			buildConfigurations = (
				9439A6421F311A9B002F69D1 /* Debug */,
				9439A6431F311A9B002F69D1 /* Release */,
			);
			defaultConfigurationIsVisible = 0;
		};
/* End XCConfigurationList section */
	};
	rootObject = 9439A6191F311A9A002F69D1 /* Project object */;
}
